
Microsoft Visual Studio Solution File, Format Version 12.00
# Visual Studio Version 17
VisualStudioVersion = 17.8.34511.84
MinimumVisualStudioVersion = 10.0.40219.1
Project("{2150E333-8FDC-42A3-9474-1A3956D46DE8}") = "src", "src", "{7A0A1226-AB09-4041-A739-6889C438A4FC}"
EndProject
Project("{2150E333-8FDC-42A3-9474-1A3956D46DE8}") = "tests", "tests", "{39C395D5-BE9F-4E51-9376-F596717202E3}"
EndProject
Project("{2150E333-8FDC-42A3-9474-1A3956D46DE8}") = "Core", "Core", "{4D365089-7D01-4429-8D1C-937C5A335997}"
EndProject
Project("{9A19103F-16F7-4668-BE54-9A1E7A4F7556}") = "HospitalManagementSystem.Domain", "src\Core\HospitalManagementSystem.Domain\HospitalManagementSystem.Domain.csproj", "{89CABC16-F0CA-48E1-A66A-96298441A790}"
EndProject
Project("{9A19103F-16F7-4668-BE54-9A1E7A4F7556}") = "HospitalManagementSystem.Application", "src\Core\HospitalManagementSystem.Application\HospitalManagementSystem.Application.csproj", "{E05DC040-2E70-42E3-A62E-11DA54ECE329}"
EndProject
Project("{2150E333-8FDC-42A3-9474-1A3956D46DE8}") = "Infrastructure", "Infrastructure", "{A88B5AC9-DE1E-4219-9795-DD4592029E27}"
EndProject
Project("{9A19103F-16F7-4668-BE54-9A1E7A4F7556}") = "HospitalManagementSystem.Persistence", "src\Infrastructure\HospitalManagementSystem.Persistence\HospitalManagementSystem.Persistence.csproj", "{81E1AF0F-D984-446F-BF19-4CF0101EF7E6}"
EndProject
Project("{9A19103F-16F7-4668-BE54-9A1E7A4F7556}") = "HospitalManagementSystem.Infrastructure", "src\Infrastructure\HospitalManagementSystem.Infrastructure\HospitalManagementSystem.Infrastructure.csproj", "{97345709-BA04-4F50-A158-6BED7BBF6592}"
EndProject
Project("{2150E333-8FDC-42A3-9474-1A3956D46DE8}") = "Presentation", "Presentation", "{F071D09C-B107-49E6-A716-DB71443A97E0}"
EndProject
Project("{9A19103F-16F7-4668-BE54-9A1E7A4F7556}") = "HospitalManagementSystem.API", "src\Presentation\HospitalManagementSystem.API\HospitalManagementSystem.API.csproj", "{BFAC02C7-79BA-4BBA-9BFE-7F2C682C6CDF}"
EndProject
Project("{9A19103F-16F7-4668-BE54-9A1E7A4F7556}") = "HospitalManagementsSystem.Application.Tests", "tests\HospitalManagementsSystem.Application.Tests\HospitalManagementsSystem.Application.Tests.csproj", "{251443ED-10C7-4799-9AC5-947E8F795A38}"
EndProject
Project("{FAE04EC0-301F-11D3-BF4B-00C04F79EFBC}") = "HospitalManagementSystem.API.Tests", "tests\HospitalManagementSystem.API.Tests\HospitalManagementSystem.API.Tests.csproj", "{02B2A0B3-B431-4FD4-8FC1-F4EDF12316AF}"
EndProject
Global
	GlobalSection(SolutionConfigurationPlatforms) = preSolution
		Debug|Any CPU = Debug|Any CPU
		Release|Any CPU = Release|Any CPU
	EndGlobalSection
	GlobalSection(ProjectConfigurationPlatforms) = postSolution
		{89CABC16-F0CA-48E1-A66A-96298441A790}.Debug|Any CPU.ActiveCfg = Debug|Any CPU
		{89CABC16-F0CA-48E1-A66A-96298441A790}.Debug|Any CPU.Build.0 = Debug|Any CPU
		{89CABC16-F0CA-48E1-A66A-96298441A790}.Release|Any CPU.ActiveCfg = Release|Any CPU
		{89CABC16-F0CA-48E1-A66A-96298441A790}.Release|Any CPU.Build.0 = Release|Any CPU
		{E05DC040-2E70-42E3-A62E-11DA54ECE329}.Debug|Any CPU.ActiveCfg = Debug|Any CPU
		{E05DC040-2E70-42E3-A62E-11DA54ECE329}.Debug|Any CPU.Build.0 = Debug|Any CPU
		{E05DC040-2E70-42E3-A62E-11DA54ECE329}.Release|Any CPU.ActiveCfg = Release|Any CPU
		{E05DC040-2E70-42E3-A62E-11DA54ECE329}.Release|Any CPU.Build.0 = Release|Any CPU
		{81E1AF0F-D984-446F-BF19-4CF0101EF7E6}.Debug|Any CPU.ActiveCfg = Debug|Any CPU
		{81E1AF0F-D984-446F-BF19-4CF0101EF7E6}.Debug|Any CPU.Build.0 = Debug|Any CPU
		{81E1AF0F-D984-446F-BF19-4CF0101EF7E6}.Release|Any CPU.ActiveCfg = Release|Any CPU
		{81E1AF0F-D984-446F-BF19-4CF0101EF7E6}.Release|Any CPU.Build.0 = Release|Any CPU
		{97345709-BA04-4F50-A158-6BED7BBF6592}.Debug|Any CPU.ActiveCfg = Debug|Any CPU
		{97345709-BA04-4F50-A158-6BED7BBF6592}.Debug|Any CPU.Build.0 = Debug|Any CPU
		{97345709-BA04-4F50-A158-6BED7BBF6592}.Release|Any CPU.ActiveCfg = Release|Any CPU
		{97345709-BA04-4F50-A158-6BED7BBF6592}.Release|Any CPU.Build.0 = Release|Any CPU
		{BFAC02C7-79BA-4BBA-9BFE-7F2C682C6CDF}.Debug|Any CPU.ActiveCfg = Debug|Any CPU
		{BFAC02C7-79BA-4BBA-9BFE-7F2C682C6CDF}.Debug|Any CPU.Build.0 = Debug|Any CPU
		{BFAC02C7-79BA-4BBA-9BFE-7F2C682C6CDF}.Release|Any CPU.ActiveCfg = Release|Any CPU
		{BFAC02C7-79BA-4BBA-9BFE-7F2C682C6CDF}.Release|Any CPU.Build.0 = Release|Any CPU
		{251443ED-10C7-4799-9AC5-947E8F795A38}.Debug|Any CPU.ActiveCfg = Debug|Any CPU
		{251443ED-10C7-4799-9AC5-947E8F795A38}.Debug|Any CPU.Build.0 = Debug|Any CPU
		{251443ED-10C7-4799-9AC5-947E8F795A38}.Release|Any CPU.ActiveCfg = Release|Any CPU
		{251443ED-10C7-4799-9AC5-947E8F795A38}.Release|Any CPU.Build.0 = Release|Any CPU
		{02B2A0B3-B431-4FD4-8FC1-F4EDF12316AF}.Debug|Any CPU.ActiveCfg = Debug|Any CPU
		{02B2A0B3-B431-4FD4-8FC1-F4EDF12316AF}.Debug|Any CPU.Build.0 = Debug|Any CPU
		{02B2A0B3-B431-4FD4-8FC1-F4EDF12316AF}.Release|Any CPU.ActiveCfg = Release|Any CPU
		{02B2A0B3-B431-4FD4-8FC1-F4EDF12316AF}.Release|Any CPU.Build.0 = Release|Any CPU
	EndGlobalSection
	GlobalSection(SolutionProperties) = preSolution
		HideSolutionNode = FALSE
	EndGlobalSection
	GlobalSection(NestedProjects) = preSolution
		{4D365089-7D01-4429-8D1C-937C5A335997} = {7A0A1226-AB09-4041-A739-6889C438A4FC}
		{89CABC16-F0CA-48E1-A66A-96298441A790} = {4D365089-7D01-4429-8D1C-937C5A335997}
		{E05DC040-2E70-42E3-A62E-11DA54ECE329} = {4D365089-7D01-4429-8D1C-937C5A335997}
		{A88B5AC9-DE1E-4219-9795-DD4592029E27} = {7A0A1226-AB09-4041-A739-6889C438A4FC}
		{81E1AF0F-D984-446F-BF19-4CF0101EF7E6} = {A88B5AC9-DE1E-4219-9795-DD4592029E27}
		{97345709-BA04-4F50-A158-6BED7BBF6592} = {A88B5AC9-DE1E-4219-9795-DD4592029E27}
		{F071D09C-B107-49E6-A716-DB71443A97E0} = {7A0A1226-AB09-4041-A739-6889C438A4FC}
		{BFAC02C7-79BA-4BBA-9BFE-7F2C682C6CDF} = {F071D09C-B107-49E6-A716-DB71443A97E0}
		{251443ED-10C7-4799-9AC5-947E8F795A38} = {39C395D5-BE9F-4E51-9376-F596717202E3}
		{02B2A0B3-B431-4FD4-8FC1-F4EDF12316AF} = {39C395D5-BE9F-4E51-9376-F596717202E3}
	EndGlobalSection
	GlobalSection(ExtensibilityGlobals) = postSolution
		SolutionGuid = {D92120A5-CE06-4768-9E88-A242F9BDF978}
	EndGlobalSection
EndGlobal
